
Microsoft Visual Studio Solution File, Format Version 12.00
# Visual Studio Version 17
VisualStudioVersion = 17.1.32421.90
MinimumVisualStudioVersion = 10.0.40219.1
Project("{FAE04EC0-301F-11D3-BF4B-00C04F79EFBC}") = "ModelChanger", "ModelChanger\ModelChanger.csproj", "{350FFADE-E06D-49D2-8179-0FDAECB1E176}"
EndProject
Global
	GlobalSection(SolutionConfigurationPlatforms) = preSolution
		Debug|Any CPU = Debug|Any CPU
		Release|Any CPU = Release|Any CPU
	EndGlobalSection
	GlobalSection(ProjectConfigurationPlatforms) = postSolution
		{350FFADE-E06D-49D2-8179-0FDAECB1E176}.Debug|Any CPU.ActiveCfg = Debug|Any CPU
		{350FFADE-E06D-49D2-8179-0FDAECB1E176}.Debug|Any CPU.Build.0 = Debug|Any CPU
		{350FFADE-E06D-49D2-8179-0FDAECB1E176}.Release|Any CPU.ActiveCfg = Release|Any CPU
		{350FFADE-E06D-49D2-8179-0FDAECB1E176}.Release|Any CPU.Build.0 = Release|Any CPU
	EndGlobalSection
	GlobalSection(SolutionProperties) = preSolution
		HideSolutionNode = FALSE
	EndGlobalSection
	GlobalSection(ExtensibilityGlobals) = postSolution
		SolutionGuid = {551A9663-D251-4549-9F33-3D1739B5203C}
	EndGlobalSection
EndGlobal
